
Microsoft Visual Studio Solution File, Format Version 12.00
# Visual Studio Version 17
VisualStudioVersion = 17.3.32825.248
MinimumVisualStudioVersion = 10.0.40219.1
Project("{FAE04EC0-301F-11D3-BF4B-00C04F79EFBC}") = "ETaraba", "ETaraba\ETaraba.csproj", "{88106088-516C-47F9-91ED-A00EF0918169}"
EndProject
Project("{FAE04EC0-301F-11D3-BF4B-00C04F79EFBC}") = "ETaraba.Domain", "ETaraba.Domain\ETaraba.Domain.csproj", "{5487409A-E72F-45AD-BEE3-5286F4DFA6C0}"
EndProject
Project("{FAE04EC0-301F-11D3-BF4B-00C04F79EFBC}") = "ETaraba.Application", "ETaraba.Application\ETaraba.Application.csproj", "{C8696351-3CAA-48E5-8E5D-212A47FC193D}"
EndProject
Project("{FAE04EC0-301F-11D3-BF4B-00C04F79EFBC}") = "ETaraba.Infrastructure", "ETaraba.Infrastructure\ETaraba.Infrastructure.csproj", "{0ED130CA-FBFE-4ABC-A779-85B3A47AC003}"
EndProject
Global
	GlobalSection(SolutionConfigurationPlatforms) = preSolution
		Debug|Any CPU = Debug|Any CPU
		Release|Any CPU = Release|Any CPU
	EndGlobalSection
	GlobalSection(ProjectConfigurationPlatforms) = postSolution
		{88106088-516C-47F9-91ED-A00EF0918169}.Debug|Any CPU.ActiveCfg = Debug|Any CPU
		{88106088-516C-47F9-91ED-A00EF0918169}.Debug|Any CPU.Build.0 = Debug|Any CPU
		{88106088-516C-47F9-91ED-A00EF0918169}.Release|Any CPU.ActiveCfg = Release|Any CPU
		{88106088-516C-47F9-91ED-A00EF0918169}.Release|Any CPU.Build.0 = Release|Any CPU
		{5487409A-E72F-45AD-BEE3-5286F4DFA6C0}.Debug|Any CPU.ActiveCfg = Debug|Any CPU
		{5487409A-E72F-45AD-BEE3-5286F4DFA6C0}.Debug|Any CPU.Build.0 = Debug|Any CPU
		{5487409A-E72F-45AD-BEE3-5286F4DFA6C0}.Release|Any CPU.ActiveCfg = Release|Any CPU
		{5487409A-E72F-45AD-BEE3-5286F4DFA6C0}.Release|Any CPU.Build.0 = Release|Any CPU
		{C8696351-3CAA-48E5-8E5D-212A47FC193D}.Debug|Any CPU.ActiveCfg = Debug|Any CPU
		{C8696351-3CAA-48E5-8E5D-212A47FC193D}.Debug|Any CPU.Build.0 = Debug|Any CPU
		{C8696351-3CAA-48E5-8E5D-212A47FC193D}.Release|Any CPU.ActiveCfg = Release|Any CPU
		{C8696351-3CAA-48E5-8E5D-212A47FC193D}.Release|Any CPU.Build.0 = Release|Any CPU
		{0ED130CA-FBFE-4ABC-A779-85B3A47AC003}.Debug|Any CPU.ActiveCfg = Debug|Any CPU
		{0ED130CA-FBFE-4ABC-A779-85B3A47AC003}.Debug|Any CPU.Build.0 = Debug|Any CPU
		{0ED130CA-FBFE-4ABC-A779-85B3A47AC003}.Release|Any CPU.ActiveCfg = Release|Any CPU
		{0ED130CA-FBFE-4ABC-A779-85B3A47AC003}.Release|Any CPU.Build.0 = Release|Any CPU
	EndGlobalSection
	GlobalSection(SolutionProperties) = preSolution
		HideSolutionNode = FALSE
	EndGlobalSection
	GlobalSection(ExtensibilityGlobals) = postSolution
		SolutionGuid = {18010F6C-A497-4331-BDE3-B5D9E7F06058}
	EndGlobalSection
EndGlobal
